// !$*UTF8*$!
{
	archiveVersion = 1;
	classes = {
	};
	objectVersion = 56;
	objects = {

/* Begin PBXBuildFile section */
		4144CE842D2D2A380001F2E0 /* TodoListView.swift in Sources */ = {isa = PBXBuildFile; fileRef = 4144CE832D2D2A380001F2E0 /* TodoListView.swift */; };
		4144CE872D2D3BA10001F2E0 /* ListItemRow.swift in Sources */ = {isa = PBXBuildFile; fileRef = 4144CE862D2D3BA10001F2E0 /* ListItemRow.swift */; };
		41FE296F2D2CEDAB00BB33B6 /* TodoApp.swift in Sources */ = {isa = PBXBuildFile; fileRef = 41FE296E2D2CEDAB00BB33B6 /* TodoApp.swift */; };
		41FE29732D2CEDB000BB33B6 /* Assets.xcassets in Resources */ = {isa = PBXBuildFile; fileRef = 41FE29722D2CEDB000BB33B6 /* Assets.xcassets */; };
		41FE29762D2CEDB000BB33B6 /* Preview Assets.xcassets in Resources */ = {isa = PBXBuildFile; fileRef = 41FE29752D2CEDB000BB33B6 /* Preview Assets.xcassets */; };
		41FE29802D2CEDB100BB33B6 /* TodoTests.swift in Sources */ = {isa = PBXBuildFile; fileRef = 41FE297F2D2CEDB100BB33B6 /* TodoTests.swift */; };
		41FE298A2D2CEDB100BB33B6 /* TodoUITests.swift in Sources */ = {isa = PBXBuildFile; fileRef = 41FE29892D2CEDB100BB33B6 /* TodoUITests.swift */; };
		41FE298C2D2CEDB100BB33B6 /* TodoUITestsLaunchTests.swift in Sources */ = {isa = PBXBuildFile; fileRef = 41FE298B2D2CEDB100BB33B6 /* TodoUITestsLaunchTests.swift */; };
/* End PBXBuildFile section */

/* Begin PBXContainerItemProxy section */
		41FE297C2D2CEDB100BB33B6 /* PBXContainerItemProxy */ = {
			isa = PBXContainerItemProxy;
			containerPortal = 41FE29632D2CEDAB00BB33B6 /* Project object */;
			proxyType = 1;
			remoteGlobalIDString = 41FE296A2D2CEDAB00BB33B6;
			remoteInfo = Todo;
		};
		41FE29862D2CEDB100BB33B6 /* PBXContainerItemProxy */ = {
			isa = PBXContainerItemProxy;
			containerPortal = 41FE29632D2CEDAB00BB33B6 /* Project object */;
			proxyType = 1;
			remoteGlobalIDString = 41FE296A2D2CEDAB00BB33B6;
			remoteInfo = Todo;
		};
/* End PBXContainerItemProxy section */

/* Begin PBXFileReference section */
		4144CE832D2D2A380001F2E0 /* TodoListView.swift */ = {isa = PBXFileReference; lastKnownFileType = sourcecode.swift; path = TodoListView.swift; sourceTree = "<group>"; };
		4144CE862D2D3BA10001F2E0 /* ListItemRow.swift */ = {isa = PBXFileReference; lastKnownFileType = sourcecode.swift; path = ListItemRow.swift; sourceTree = "<group>"; };
		41FE296B2D2CEDAB00BB33B6 /* Todo.app */ = {isa = PBXFileReference; explicitFileType = wrapper.application; includeInIndex = 0; path = Todo.app; sourceTree = BUILT_PRODUCTS_DIR; };
		41FE296E2D2CEDAB00BB33B6 /* TodoApp.swift */ = {isa = PBXFileReference; lastKnownFileType = sourcecode.swift; path = TodoApp.swift; sourceTree = "<group>"; };
		41FE29722D2CEDB000BB33B6 /* Assets.xcassets */ = {isa = PBXFileReference; lastKnownFileType = folder.assetcatalog; path = Assets.xcassets; sourceTree = "<group>"; };
		41FE29752D2CEDB000BB33B6 /* Preview Assets.xcassets */ = {isa = PBXFileReference; lastKnownFileType = folder.assetcatalog; path = "Preview Assets.xcassets"; sourceTree = "<group>"; };
		41FE297B2D2CEDB100BB33B6 /* TodoTests.xctest */ = {isa = PBXFileReference; explicitFileType = wrapper.cfbundle; includeInIndex = 0; path = TodoTests.xctest; sourceTree = BUILT_PRODUCTS_DIR; };
		41FE297F2D2CEDB100BB33B6 /* TodoTests.swift */ = {isa = PBXFileReference; lastKnownFileType = sourcecode.swift; path = TodoTests.swift; sourceTree = "<group>"; };
		41FE29852D2CEDB100BB33B6 /* TodoUITests.xctest */ = {isa = PBXFileReference; explicitFileType = wrapper.cfbundle; includeInIndex = 0; path = TodoUITests.xctest; sourceTree = BUILT_PRODUCTS_DIR; };
		41FE29892D2CEDB100BB33B6 /* TodoUITests.swift */ = {isa = PBXFileReference; lastKnownFileType = sourcecode.swift; path = TodoUITests.swift; sourceTree = "<group>"; };
		41FE298B2D2CEDB100BB33B6 /* TodoUITestsLaunchTests.swift */ = {isa = PBXFileReference; lastKnownFileType = sourcecode.swift; path = TodoUITestsLaunchTests.swift; sourceTree = "<group>"; };
/* End PBXFileReference section */

/* Begin PBXFrameworksBuildPhase section */
		41FE29682D2CEDAB00BB33B6 /* Frameworks */ = {
			isa = PBXFrameworksBuildPhase;
			buildActionMask = 2147483647;
			files = (
			);
			runOnlyForDeploymentPostprocessing = 0;
		};
		41FE29782D2CEDB100BB33B6 /* Frameworks */ = {
			isa = PBXFrameworksBuildPhase;
			buildActionMask = 2147483647;
			files = (
			);
			runOnlyForDeploymentPostprocessing = 0;
		};
		41FE29822D2CEDB100BB33B6 /* Frameworks */ = {
			isa = PBXFrameworksBuildPhase;
			buildActionMask = 2147483647;
			files = (
			);
			runOnlyForDeploymentPostprocessing = 0;
		};
/* End PBXFrameworksBuildPhase section */

/* Begin PBXGroup section */
		4144CE822D2D29F50001F2E0 /* Views */ = {
			isa = PBXGroup;
			children = (
				4144CE832D2D2A380001F2E0 /* TodoListView.swift */,
				4144CE862D2D3BA10001F2E0 /* ListItemRow.swift */,
			);
			path = Views;
			sourceTree = "<group>";
		};
		4144CE852D2D2A530001F2E0 /* App */ = {
			isa = PBXGroup;
			children = (
				41FE296E2D2CEDAB00BB33B6 /* TodoApp.swift */,
			);
			path = App;
			sourceTree = "<group>";
		};
		41FE29622D2CEDAA00BB33B6 = {
			isa = PBXGroup;
			children = (
				41FE296D2D2CEDAB00BB33B6 /* Todo */,
				41FE297E2D2CEDB100BB33B6 /* TodoTests */,
				41FE29882D2CEDB100BB33B6 /* TodoUITests */,
				41FE296C2D2CEDAB00BB33B6 /* Products */,
			);
			sourceTree = "<group>";
		};
		41FE296C2D2CEDAB00BB33B6 /* Products */ = {
			isa = PBXGroup;
			children = (
				41FE296B2D2CEDAB00BB33B6 /* Todo.app */,
				41FE297B2D2CEDB100BB33B6 /* TodoTests.xctest */,
				41FE29852D2CEDB100BB33B6 /* TodoUITests.xctest */,
			);
			name = Products;
			sourceTree = "<group>";
		};
		41FE296D2D2CEDAB00BB33B6 /* Todo */ = {
			isa = PBXGroup;
			children = (
				4144CE852D2D2A530001F2E0 /* App */,
				4144CE822D2D29F50001F2E0 /* Views */,
				41FE29722D2CEDB000BB33B6 /* Assets.xcassets */,
				41FE29742D2CEDB000BB33B6 /* Preview Content */,
			);
			path = Todo;
			sourceTree = "<group>";
		};
		41FE29742D2CEDB000BB33B6 /* Preview Content */ = {
			isa = PBXGroup;
			children = (
				41FE29752D2CEDB000BB33B6 /* Preview Assets.xcassets */,
			);
			path = "Preview Content";
			sourceTree = "<group>";
		};
		41FE297E2D2CEDB100BB33B6 /* TodoTests */ = {
			isa = PBXGroup;
			children = (
				41FE297F2D2CEDB100BB33B6 /* TodoTests.swift */,
			);
			path = TodoTests;
			sourceTree = "<group>";
		};
		41FE29882D2CEDB100BB33B6 /* TodoUITests */ = {
			isa = PBXGroup;
			children = (
				41FE29892D2CEDB100BB33B6 /* TodoUITests.swift */,
				41FE298B2D2CEDB100BB33B6 /* TodoUITestsLaunchTests.swift */,
			);
			path = TodoUITests;
			sourceTree = "<group>";
		};
/* End PBXGroup section */

/* Begin PBXNativeTarget section */
		41FE296A2D2CEDAB00BB33B6 /* Todo */ = {
			isa = PBXNativeTarget;
			buildConfigurationList = 41FE298F2D2CEDB100BB33B6 /* Build configuration list for PBXNativeTarget "Todo" */;
			buildPhases = (
				41FE29672D2CEDAB00BB33B6 /* Sources */,
				41FE29682D2CEDAB00BB33B6 /* Frameworks */,
				41FE29692D2CEDAB00BB33B6 /* Resources */,
			);
			buildRules = (
			);
			dependencies = (
			);
			name = Todo;
			productName = Todo;
			productReference = 41FE296B2D2CEDAB00BB33B6 /* Todo.app */;
			productType = "com.apple.product-type.application";
		};
		41FE297A2D2CEDB100BB33B6 /* TodoTests */ = {
			isa = PBXNativeTarget;
			buildConfigurationList = 41FE29922D2CEDB100BB33B6 /* Build configuration list for PBXNativeTarget "TodoTests" */;
			buildPhases = (
				41FE29772D2CEDB100BB33B6 /* Sources */,
				41FE29782D2CEDB100BB33B6 /* Frameworks */,
				41FE29792D2CEDB100BB33B6 /* Resources */,
			);
			buildRules = (
			);
			dependencies = (
				41FE297D2D2CEDB100BB33B6 /* PBXTargetDependency */,
			);
			name = TodoTests;
			productName = TodoTests;
			productReference = 41FE297B2D2CEDB100BB33B6 /* TodoTests.xctest */;
			productType = "com.apple.product-type.bundle.unit-test";
		};
		41FE29842D2CEDB100BB33B6 /* TodoUITests */ = {
			isa = PBXNativeTarget;
			buildConfigurationList = 41FE29952D2CEDB100BB33B6 /* Build configuration list for PBXNativeTarget "TodoUITests" */;
			buildPhases = (
				41FE29812D2CEDB100BB33B6 /* Sources */,
				41FE29822D2CEDB100BB33B6 /* Frameworks */,
				41FE29832D2CEDB100BB33B6 /* Resources */,
			);
			buildRules = (
			);
			dependencies = (
				41FE29872D2CEDB100BB33B6 /* PBXTargetDependency */,
			);
			name = TodoUITests;
			productName = TodoUITests;
			productReference = 41FE29852D2CEDB100BB33B6 /* TodoUITests.xctest */;
			productType = "com.apple.product-type.bundle.ui-testing";
		};
/* End PBXNativeTarget section */

/* Begin PBXProject section */
		41FE29632D2CEDAB00BB33B6 /* Project object */ = {
			isa = PBXProject;
			attributes = {
				BuildIndependentTargetsInParallel = 1;
				LastSwiftUpdateCheck = 1520;
				LastUpgradeCheck = 1520;
				TargetAttributes = {
					41FE296A2D2CEDAB00BB33B6 = {
						CreatedOnToolsVersion = 15.2;
					};
					41FE297A2D2CEDB100BB33B6 = {
						CreatedOnToolsVersion = 15.2;
						TestTargetID = 41FE296A2D2CEDAB00BB33B6;
					};
					41FE29842D2CEDB100BB33B6 = {
						CreatedOnToolsVersion = 15.2;
						TestTargetID = 41FE296A2D2CEDAB00BB33B6;
					};
				};
			};
			buildConfigurationList = 41FE29662D2CEDAB00BB33B6 /* Build configuration list for PBXProject "Todo" */;
			compatibilityVersion = "Xcode 14.0";
			developmentRegion = en;
			hasScannedForEncodings = 0;
			knownRegions = (
				en,
				Base,
			);
			mainGroup = 41FE29622D2CEDAA00BB33B6;
			productRefGroup = 41FE296C2D2CEDAB00BB33B6 /* Products */;
			projectDirPath = "";
			projectRoot = "";
			targets = (
				41FE296A2D2CEDAB00BB33B6 /* Todo */,
				41FE297A2D2CEDB100BB33B6 /* TodoTests */,
				41FE29842D2CEDB100BB33B6 /* TodoUITests */,
			);
		};
/* End PBXProject section */

/* Begin PBXResourcesBuildPhase section */
		41FE29692D2CEDAB00BB33B6 /* Resources */ = {
			isa = PBXResourcesBuildPhase;
			buildActionMask = 2147483647;
			files = (
				41FE29762D2CEDB000BB33B6 /* Preview Assets.xcassets in Resources */,
				41FE29732D2CEDB000BB33B6 /* Assets.xcassets in Resources */,
			);
			runOnlyForDeploymentPostprocessing = 0;
		};
		41FE29792D2CEDB100BB33B6 /* Resources */ = {
			isa = PBXResourcesBuildPhase;
			buildActionMask = 2147483647;
			files = (
			);
			runOnlyForDeploymentPostprocessing = 0;
		};
		41FE29832D2CEDB100BB33B6 /* Resources */ = {
			isa = PBXResourcesBuildPhase;
			buildActionMask = 2147483647;
			files = (
			);
			runOnlyForDeploymentPostprocessing = 0;
		};
/* End PBXResourcesBuildPhase section */

/* Begin PBXSourcesBuildPhase section */
		41FE29672D2CEDAB00BB33B6 /* Sources */ = {
			isa = PBXSourcesBuildPhase;
			buildActionMask = 2147483647;
			files = (
				41FE296F2D2CEDAB00BB33B6 /* TodoApp.swift in Sources */,
				4144CE872D2D3BA10001F2E0 /* ListItemRow.swift in Sources */,
				4144CE842D2D2A380001F2E0 /* TodoListView.swift in Sources */,
			);
			runOnlyForDeploymentPostprocessing = 0;
		};
		41FE29772D2CEDB100BB33B6 /* Sources */ = {
			isa = PBXSourcesBuildPhase;
			buildActionMask = 2147483647;
			files = (
				41FE29802D2CEDB100BB33B6 /* TodoTests.swift in Sources */,
			);
			runOnlyForDeploymentPostprocessing = 0;
		};
		41FE29812D2CEDB100BB33B6 /* Sources */ = {
			isa = PBXSourcesBuildPhase;
			buildActionMask = 2147483647;
			files = (
				41FE298C2D2CEDB100BB33B6 /* TodoUITestsLaunchTests.swift in Sources */,
				41FE298A2D2CEDB100BB33B6 /* TodoUITests.swift in Sources */,
			);
			runOnlyForDeploymentPostprocessing = 0;
		};
/* End PBXSourcesBuildPhase section */

/* Begin PBXTargetDependency section */
		41FE297D2D2CEDB100BB33B6 /* PBXTargetDependency */ = {
			isa = PBXTargetDependency;
			target = 41FE296A2D2CEDAB00BB33B6 /* Todo */;
			targetProxy = 41FE297C2D2CEDB100BB33B6 /* PBXContainerItemProxy */;
		};
		41FE29872D2CEDB100BB33B6 /* PBXTargetDependency */ = {
			isa = PBXTargetDependency;
			target = 41FE296A2D2CEDAB00BB33B6 /* Todo */;
			targetProxy = 41FE29862D2CEDB100BB33B6 /* PBXContainerItemProxy */;
		};
/* End PBXTargetDependency section */

/* Begin XCBuildConfiguration section */
		41FE298D2D2CEDB100BB33B6 /* Debug */ = {
			isa = XCBuildConfiguration;
			buildSettings = {
				ALWAYS_SEARCH_USER_PATHS = NO;
				ASSETCATALOG_COMPILER_GENERATE_SWIFT_ASSET_SYMBOL_EXTENSIONS = YES;
				CLANG_ANALYZER_NONNULL = YES;
				CLANG_ANALYZER_NUMBER_OBJECT_CONVERSION = YES_AGGRESSIVE;
				CLANG_CXX_LANGUAGE_STANDARD = "gnu++20";
				CLANG_ENABLE_MODULES = YES;
				CLANG_ENABLE_OBJC_ARC = YES;
				CLANG_ENABLE_OBJC_WEAK = YES;
				CLANG_WARN_BLOCK_CAPTURE_AUTORELEASING = YES;
				CLANG_WARN_BOOL_CONVERSION = YES;
				CLANG_WARN_COMMA = YES;
				CLANG_WARN_CONSTANT_CONVERSION = YES;
				CLANG_WARN_DEPRECATED_OBJC_IMPLEMENTATIONS = YES;
				CLANG_WARN_DIRECT_OBJC_ISA_USAGE = YES_ERROR;
				CLANG_WARN_DOCUMENTATION_COMMENTS = YES;
				CLANG_WARN_EMPTY_BODY = YES;
				CLANG_WARN_ENUM_CONVERSION = YES;
				CLANG_WARN_INFINITE_RECURSION = YES;
				CLANG_WARN_INT_CONVERSION = YES;
				CLANG_WARN_NON_LITERAL_NULL_CONVERSION = YES;
				CLANG_WARN_OBJC_IMPLICIT_RETAIN_SELF = YES;
				CLANG_WARN_OBJC_LITERAL_CONVERSION = YES;
				CLANG_WARN_OBJC_ROOT_CLASS = YES_ERROR;
				CLANG_WARN_QUOTED_INCLUDE_IN_FRAMEWORK_HEADER = YES;
				CLANG_WARN_RANGE_LOOP_ANALYSIS = YES;
				CLANG_WARN_STRICT_PROTOTYPES = YES;
				CLANG_WARN_SUSPICIOUS_MOVE = YES;
				CLANG_WARN_UNGUARDED_AVAILABILITY = YES_AGGRESSIVE;
				CLANG_WARN_UNREACHABLE_CODE = YES;
				CLANG_WARN__DUPLICATE_METHOD_MATCH = YES;
				COPY_PHASE_STRIP = NO;
				DEBUG_INFORMATION_FORMAT = dwarf;
				ENABLE_STRICT_OBJC_MSGSEND = YES;
				ENABLE_TESTABILITY = YES;
				ENABLE_USER_SCRIPT_SANDBOXING = YES;
				GCC_C_LANGUAGE_STANDARD = gnu17;
				GCC_DYNAMIC_NO_PIC = NO;
				GCC_NO_COMMON_BLOCKS = YES;
				GCC_OPTIMIZATION_LEVEL = 0;
				GCC_PREPROCESSOR_DEFINITIONS = (
					"DEBUG=1",
					"$(inherited)",
				);
				GCC_WARN_64_TO_32_BIT_CONVERSION = YES;
				GCC_WARN_ABOUT_RETURN_TYPE = YES_ERROR;
				GCC_WARN_UNDECLARED_SELECTOR = YES;
				GCC_WARN_UNINITIALIZED_AUTOS = YES_AGGRESSIVE;
				GCC_WARN_UNUSED_FUNCTION = YES;
				GCC_WARN_UNUSED_VARIABLE = YES;
				IPHONEOS_DEPLOYMENT_TARGET = 17.2;
				LOCALIZATION_PREFERS_STRING_CATALOGS = YES;
				MTL_ENABLE_DEBUG_INFO = INCLUDE_SOURCE;
				MTL_FAST_MATH = YES;
				ONLY_ACTIVE_ARCH = YES;
				SDKROOT = iphoneos;
				SWIFT_ACTIVE_COMPILATION_CONDITIONS = "DEBUG $(inherited)";
				SWIFT_OPTIMIZATION_LEVEL = "-Onone";
			};
			name = Debug;
		};
		41FE298E2D2CEDB100BB33B6 /* Release */ = {
			isa = XCBuildConfiguration;
			buildSettings = {
				ALWAYS_SEARCH_USER_PATHS = NO;
				ASSETCATALOG_COMPILER_GENERATE_SWIFT_ASSET_SYMBOL_EXTENSIONS = YES;
				CLANG_ANALYZER_NONNULL = YES;
				CLANG_ANALYZER_NUMBER_OBJECT_CONVERSION = YES_AGGRESSIVE;
				CLANG_CXX_LANGUAGE_STANDARD = "gnu++20";
				CLANG_ENABLE_MODULES = YES;
				CLANG_ENABLE_OBJC_ARC = YES;
				CLANG_ENABLE_OBJC_WEAK = YES;
				CLANG_WARN_BLOCK_CAPTURE_AUTORELEASING = YES;
				CLANG_WARN_BOOL_CONVERSION = YES;
				CLANG_WARN_COMMA = YES;
				CLANG_WARN_CONSTANT_CONVERSION = YES;
				CLANG_WARN_DEPRECATED_OBJC_IMPLEMENTATIONS = YES;
				CLANG_WARN_DIRECT_OBJC_ISA_USAGE = YES_ERROR;
				CLANG_WARN_DOCUMENTATION_COMMENTS = YES;
				CLANG_WARN_EMPTY_BODY = YES;
				CLANG_WARN_ENUM_CONVERSION = YES;
				CLANG_WARN_INFINITE_RECURSION = YES;
				CLANG_WARN_INT_CONVERSION = YES;
				CLANG_WARN_NON_LITERAL_NULL_CONVERSION = YES;
				CLANG_WARN_OBJC_IMPLICIT_RETAIN_SELF = YES;
				CLANG_WARN_OBJC_LITERAL_CONVERSION = YES;
				CLANG_WARN_OBJC_ROOT_CLASS = YES_ERROR;
				CLANG_WARN_QUOTED_INCLUDE_IN_FRAMEWORK_HEADER = YES;
				CLANG_WARN_RANGE_LOOP_ANALYSIS = YES;
				CLANG_WARN_STRICT_PROTOTYPES = YES;
				CLANG_WARN_SUSPICIOUS_MOVE = YES;
				CLANG_WARN_UNGUARDED_AVAILABILITY = YES_AGGRESSIVE;
				CLANG_WARN_UNREACHABLE_CODE = YES;
				CLANG_WARN__DUPLICATE_METHOD_MATCH = YES;
				COPY_PHASE_STRIP = NO;
				DEBUG_INFORMATION_FORMAT = "dwarf-with-dsym";
				ENABLE_NS_ASSERTIONS = NO;
				ENABLE_STRICT_OBJC_MSGSEND = YES;
				ENABLE_USER_SCRIPT_SANDBOXING = YES;
				GCC_C_LANGUAGE_STANDARD = gnu17;
				GCC_NO_COMMON_BLOCKS = YES;
				GCC_WARN_64_TO_32_BIT_CONVERSION = YES;
				GCC_WARN_ABOUT_RETURN_TYPE = YES_ERROR;
				GCC_WARN_UNDECLARED_SELECTOR = YES;
				GCC_WARN_UNINITIALIZED_AUTOS = YES_AGGRESSIVE;
				GCC_WARN_UNUSED_FUNCTION = YES;
				GCC_WARN_UNUSED_VARIABLE = YES;
				IPHONEOS_DEPLOYMENT_TARGET = 17.2;
				LOCALIZATION_PREFERS_STRING_CATALOGS = YES;
				MTL_ENABLE_DEBUG_INFO = NO;
				MTL_FAST_MATH = YES;
				SDKROOT = iphoneos;
				SWIFT_COMPILATION_MODE = wholemodule;
				VALIDATE_PRODUCT = YES;
			};
			name = Release;
		};
		41FE29902D2CEDB100BB33B6 /* Debug */ = {
			isa = XCBuildConfiguration;
			buildSettings = {
				ASSETCATALOG_COMPILER_APPICON_NAME = AppIcon;
				ASSETCATALOG_COMPILER_GLOBAL_ACCENT_COLOR_NAME = AccentColor;
				CODE_SIGN_STYLE = Automatic;
				CURRENT_PROJECT_VERSION = 1;
				DEVELOPMENT_ASSET_PATHS = "\"Todo/Preview Content\"";
				DEVELOPMENT_TEAM = 3QAL6A79MH;
				ENABLE_PREVIEWS = YES;
				GENERATE_INFOPLIST_FILE = YES;
				INFOPLIST_KEY_UIApplicationSceneManifest_Generation = YES;
				INFOPLIST_KEY_UIApplicationSupportsIndirectInputEvents = YES;
				INFOPLIST_KEY_UILaunchScreen_Generation = YES;
				INFOPLIST_KEY_UISupportedInterfaceOrientations_iPad = "UIInterfaceOrientationPortrait UIInterfaceOrientationPortraitUpsideDown UIInterfaceOrientationLandscapeLeft UIInterfaceOrientationLandscapeRight";
				INFOPLIST_KEY_UISupportedInterfaceOrientations_iPhone = "UIInterfaceOrientationPortrait UIInterfaceOrientationLandscapeLeft UIInterfaceOrientationLandscapeRight";
				LD_RUNPATH_SEARCH_PATHS = (
					"$(inherited)",
					"@executable_path/Frameworks",
				);
				MARKETING_VERSION = 1.0;
				PRODUCT_BUNDLE_IDENTIFIER = giasiOS.Todo;
				PRODUCT_NAME = "$(TARGET_NAME)";
				SWIFT_EMIT_LOC_STRINGS = YES;
				SWIFT_VERSION = 5.0;
				TARGETED_DEVICE_FAMILY = "1,2";
			};
			name = Debug;
		};
		41FE29912D2CEDB100BB33B6 /* Release */ = {
			isa = XCBuildConfiguration;
			buildSettings = {
				ASSETCATALOG_COMPILER_APPICON_NAME = AppIcon;
				ASSETCATALOG_COMPILER_GLOBAL_ACCENT_COLOR_NAME = AccentColor;
				CODE_SIGN_STYLE = Automatic;
				CURRENT_PROJECT_VERSION = 1;
				DEVELOPMENT_ASSET_PATHS = "\"Todo/Preview Content\"";
				DEVELOPMENT_TEAM = 3QAL6A79MH;
				ENABLE_PREVIEWS = YES;
				GENERATE_INFOPLIST_FILE = YES;
				INFOPLIST_KEY_UIApplicationSceneManifest_Generation = YES;
				INFOPLIST_KEY_UIApplicationSupportsIndirectInputEvents = YES;
				INFOPLIST_KEY_UILaunchScreen_Generation = YES;
				INFOPLIST_KEY_UISupportedInterfaceOrientations_iPad = "UIInterfaceOrientationPortrait UIInterfaceOrientationPortraitUpsideDown UIInterfaceOrientationLandscapeLeft UIInterfaceOrientationLandscapeRight";
				INFOPLIST_KEY_UISupportedInterfaceOrientations_iPhone = "UIInterfaceOrientationPortrait UIInterfaceOrientationLandscapeLeft UIInterfaceOrientationLandscapeRight";
				LD_RUNPATH_SEARCH_PATHS = (
					"$(inherited)",
					"@executable_path/Frameworks",
				);
				MARKETING_VERSION = 1.0;
				PRODUCT_BUNDLE_IDENTIFIER = giasiOS.Todo;
				PRODUCT_NAME = "$(TARGET_NAME)";
				SWIFT_EMIT_LOC_STRINGS = YES;
				SWIFT_VERSION = 5.0;
				TARGETED_DEVICE_FAMILY = "1,2";
			};
			name = Release;
		};
		41FE29932D2CEDB100BB33B6 /* Debug */ = {
			isa = XCBuildConfiguration;
			buildSettings = {
				ALWAYS_EMBED_SWIFT_STANDARD_LIBRARIES = YES;
				BUNDLE_LOADER = "$(TEST_HOST)";
				CODE_SIGN_STYLE = Automatic;
				CURRENT_PROJECT_VERSION = 1;
				DEVELOPMENT_TEAM = 3QAL6A79MH;
				GENERATE_INFOPLIST_FILE = YES;
				IPHONEOS_DEPLOYMENT_TARGET = 17.2;
				MARKETING_VERSION = 1.0;
				PRODUCT_BUNDLE_IDENTIFIER = giasiOS.TodoTests;
				PRODUCT_NAME = "$(TARGET_NAME)";
				SWIFT_EMIT_LOC_STRINGS = NO;
				SWIFT_VERSION = 5.0;
				TARGETED_DEVICE_FAMILY = "1,2";
				TEST_HOST = "$(BUILT_PRODUCTS_DIR)/Todo.app/$(BUNDLE_EXECUTABLE_FOLDER_PATH)/Todo";
			};
			name = Debug;
		};
		41FE29942D2CEDB100BB33B6 /* Release */ = {
			isa = XCBuildConfiguration;
			buildSettings = {
				ALWAYS_EMBED_SWIFT_STANDARD_LIBRARIES = YES;
				BUNDLE_LOADER = "$(TEST_HOST)";
				CODE_SIGN_STYLE = Automatic;
				CURRENT_PROJECT_VERSION = 1;
				DEVELOPMENT_TEAM = 3QAL6A79MH;
				GENERATE_INFOPLIST_FILE = YES;
				IPHONEOS_DEPLOYMENT_TARGET = 17.2;
				MARKETING_VERSION = 1.0;
				PRODUCT_BUNDLE_IDENTIFIER = giasiOS.TodoTests;
				PRODUCT_NAME = "$(TARGET_NAME)";
				SWIFT_EMIT_LOC_STRINGS = NO;
				SWIFT_VERSION = 5.0;
				TARGETED_DEVICE_FAMILY = "1,2";
				TEST_HOST = "$(BUILT_PRODUCTS_DIR)/Todo.app/$(BUNDLE_EXECUTABLE_FOLDER_PATH)/Todo";
			};
			name = Release;
		};
		41FE29962D2CEDB100BB33B6 /* Debug */ = {
			isa = XCBuildConfiguration;
			buildSettings = {
				ALWAYS_EMBED_SWIFT_STANDARD_LIBRARIES = YES;
				CODE_SIGN_STYLE = Automatic;
				CURRENT_PROJECT_VERSION = 1;
				DEVELOPMENT_TEAM = 3QAL6A79MH;
				GENERATE_INFOPLIST_FILE = YES;
				MARKETING_VERSION = 1.0;
				PRODUCT_BUNDLE_IDENTIFIER = giasiOS.TodoUITests;
				PRODUCT_NAME = "$(TARGET_NAME)";
				SWIFT_EMIT_LOC_STRINGS = NO;
				SWIFT_VERSION = 5.0;
				TARGETED_DEVICE_FAMILY = "1,2";
				TEST_TARGET_NAME = Todo;
			};
			name = Debug;
		};
		41FE29972D2CEDB100BB33B6 /* Release */ = {
			isa = XCBuildConfiguration;
			buildSettings = {
				ALWAYS_EMBED_SWIFT_STANDARD_LIBRARIES = YES;
				CODE_SIGN_STYLE = Automatic;
				CURRENT_PROJECT_VERSION = 1;
				DEVELOPMENT_TEAM = 3QAL6A79MH;
				GENERATE_INFOPLIST_FILE = YES;
				MARKETING_VERSION = 1.0;
				PRODUCT_BUNDLE_IDENTIFIER = giasiOS.TodoUITests;
				PRODUCT_NAME = "$(TARGET_NAME)";
				SWIFT_EMIT_LOC_STRINGS = NO;
				SWIFT_VERSION = 5.0;
				TARGETED_DEVICE_FAMILY = "1,2";
				TEST_TARGET_NAME = Todo;
			};
			name = Release;
		};
/* End XCBuildConfiguration section */

/* Begin XCConfigurationList section */
		41FE29662D2CEDAB00BB33B6 /* Build configuration list for PBXProject "Todo" */ = {
			isa = XCConfigurationList;
			buildConfigurations = (
				41FE298D2D2CEDB100BB33B6 /* Debug */,
				41FE298E2D2CEDB100BB33B6 /* Release */,
			);
			defaultConfigurationIsVisible = 0;
			defaultConfigurationName = Release;
		};
		41FE298F2D2CEDB100BB33B6 /* Build configuration list for PBXNativeTarget "Todo" */ = {
			isa = XCConfigurationList;
			buildConfigurations = (
				41FE29902D2CEDB100BB33B6 /* Debug */,
				41FE29912D2CEDB100BB33B6 /* Release */,
			);
			defaultConfigurationIsVisible = 0;
			defaultConfigurationName = Release;
		};
		41FE29922D2CEDB100BB33B6 /* Build configuration list for PBXNativeTarget "TodoTests" */ = {
			isa = XCConfigurationList;
			buildConfigurations = (
				41FE29932D2CEDB100BB33B6 /* Debug */,
				41FE29942D2CEDB100BB33B6 /* Release */,
			);
			defaultConfigurationIsVisible = 0;
			defaultConfigurationName = Release;
		};
		41FE29952D2CEDB100BB33B6 /* Build configuration list for PBXNativeTarget "TodoUITests" */ = {
			isa = XCConfigurationList;
			buildConfigurations = (
				41FE29962D2CEDB100BB33B6 /* Debug */,
				41FE29972D2CEDB100BB33B6 /* Release */,
			);
			defaultConfigurationIsVisible = 0;
			defaultConfigurationName = Release;
		};
/* End XCConfigurationList section */
	};
	rootObject = 41FE29632D2CEDAB00BB33B6 /* Project object */;
}
